NeoBundleLock Dockerfile.vim 5d9ad157fa499798435cb90efc6a30d88aa16462
NeoBundleLock L9 c822b05ee0886f9a9703227dc85a6d47612c4bf1
NeoBundleLock Specky b6415ac2ca85238c224e8bb831bd88b4bfeacf91
NeoBundleLock Syntastic cc6b92afa640db4342dc9ab9fd4215316888d6fa
NeoBundleLock Tabular 4c3eafd97f0c0199a8630fb77c2160c58142d524
NeoBundleLock YouCompleteMe f67033c990ff5d37ef91ba02da94f6d7409e1c5a
NeoBundleLock ctrlp.vim ede737b2cbf5a19d7d279f03e530194b36197422
NeoBundleLock gundo.vim e7fe41024ace9047eee610f23311d44fd9d917c0
NeoBundleLock logstash.vim 6d96810e644b7fcb5c496ebafda7256662a5dab6
NeoBundleLock neobundle.vim a240bb2f40437ea87254df3c2745523d3f27cfcf
NeoBundleLock rainbow_parentheses.vim eb8baa5428bde10ecc1cb14eed1d6e16f5f24695
NeoBundleLock supertab 66511772a430a5eaad7f7d03dbb02e8f33c4a641
NeoBundleLock tern_for_vim 0c74dbb9d8985d6abdf50cdc0a08ef8c14484636
NeoBundleLock tlib_vim 34b13299b5da7ad66ea387027d458bd54127687c
NeoBundleLock vim-addon-mw-utils 0c5612fa31ee434ba055e21c76f456244b3b5109
NeoBundleLock vim-airline 168dd7970a95c0c5049fec0b101b7f53b6a22469
NeoBundleLock vim-better-whitespace c77ffda02d818e6f15d488ef96b11912a44e9285
NeoBundleLock vim-classpath 1ef18a10512fe0f84bb2c412b38e613c331a7b55
NeoBundleLock vim-colors-solarized 528a59f26d12278698bb946f8fb82a63711eec21
NeoBundleLock vim-endwise 0067ceda37725d01b7bd5bf249d63b1b5d4e2ab4
NeoBundleLock vim-git 9e16c8853ec9eff37bc3b7836f6609a2c45dd041
NeoBundleLock vim-go 385a92f01c29ba10b83e6bd48583f6fd0aaaae52
NeoBundleLock vim-gradle b5595fcf7ab230772b2b1b9affa44cc95f472611
NeoBundleLock vim-indent-guides 705c5fdf0d79d6efa5b07997fb92b0d2f767e09a
NeoBundleLock vim-json f5e3181d0b33a9c51377bb7ea8492feddca8b503
NeoBundleLock vim-puppet d881b93dc4a8ed1374ad44439aeeb47808a6b91a
NeoBundleLock vim-repeat 7a6675f092842c8f81e71d5345bd7cdbf3759415
NeoBundleLock vim-ruby 666adb5bcdfb2d21572a58fcdf7545a26bac32a0
NeoBundleLock vim-salve a0dc869952a38285476ceba91787948c1759088b
NeoBundleLock vim-signify 37376d9970294063b2ba9594204d50cfa181ebb6
NeoBundleLock vim-surround 2d05440ad23f97a7874ebd9b5de3a0e65d25d85c
NeoBundleLock vim-terraform d355fadf5027ecb2326795f92f36467d2281fc2c
NeoBundleLock vim-unimpaired 11dc568dbfd7a56866a4354c737515769f08e9fe
NeoBundleLock vim-yaml 06755a296f2248c91f020ccb4e0b3f211365037e
